// !$*UTF8*$!
{
	archiveVersion = 1;
	classes = {
	};
	objectVersion = 46;
	objects = {

/* Begin PBXBuildFile section */
		4E0A29281BD878A500CA86BF /* DBJFourthCell.m in Sources */ = {isa = PBXBuildFile; fileRef = 4E0A29271BD878A500CA86BF /* DBJFourthCell.m */; settings = {ASSET_TAGS = (); }; };
		4EB063FD1BD7A942005E8BFA /* DBJFaXianController.m in Sources */ = {isa = PBXBuildFile; fileRef = 4EB063FC1BD7A942005E8BFA /* DBJFaXianController.m */; settings = {ASSET_TAGS = (); }; };
		4EB064001BD7B09B005E8BFA /* DBJScrollCell.m in Sources */ = {isa = PBXBuildFile; fileRef = 4EB063FF1BD7B09B005E8BFA /* DBJScrollCell.m */; settings = {ASSET_TAGS = (); }; };
		4EB064061BD7BF55005E8BFA /* DBJSecondCell.m in Sources */ = {isa = PBXBuildFile; fileRef = 4EB064041BD7BF55005E8BFA /* DBJSecondCell.m */; settings = {ASSET_TAGS = (); }; };
		4EB064071BD7BF55005E8BFA /* DBJSecondCell.xib in Resources */ = {isa = PBXBuildFile; fileRef = 4EB064051BD7BF55005E8BFA /* DBJSecondCell.xib */; settings = {ASSET_TAGS = (); }; };
		4EB0640B1BD7D0B8005E8BFA /* DBJThirdCell.m in Sources */ = {isa = PBXBuildFile; fileRef = 4EB064091BD7D0B8005E8BFA /* DBJThirdCell.m */; settings = {ASSET_TAGS = (); }; };
		4EB0640C1BD7D0B8005E8BFA /* DBJThirdCell.xib in Resources */ = {isa = PBXBuildFile; fileRef = 4EB0640A1BD7D0B8005E8BFA /* DBJThirdCell.xib */; settings = {ASSET_TAGS = (); }; };
		4EF5B8871BD91AFF00B2C444 /* DBJHomeBar.m in Sources */ = {isa = PBXBuildFile; fileRef = 4EF5B8861BD91AFF00B2C444 /* DBJHomeBar.m */; settings = {ASSET_TAGS = (); }; };
		4EF5B89A1BD91C5F00B2C444 /* BLKDelegateSplitter.m in Sources */ = {isa = PBXBuildFile; fileRef = 4EF5B88D1BD91C5F00B2C444 /* BLKDelegateSplitter.m */; settings = {ASSET_TAGS = (); }; };
		4EF5B89B1BD91C5F00B2C444 /* BLKFlexibleHeightBar.m in Sources */ = {isa = PBXBuildFile; fileRef = 4EF5B88F1BD91C5F00B2C444 /* BLKFlexibleHeightBar.m */; settings = {ASSET_TAGS = (); }; };
		4EF5B89C1BD91C5F00B2C444 /* BLKFlexibleHeightBarBehaviorDefiner.m in Sources */ = {isa = PBXBuildFile; fileRef = 4EF5B8911BD91C5F00B2C444 /* BLKFlexibleHeightBarBehaviorDefiner.m */; settings = {ASSET_TAGS = (); }; };
		4EF5B89D1BD91C5F00B2C444 /* BLKFlexibleHeightBarSubviewLayoutAttributes.m in Sources */ = {isa = PBXBuildFile; fileRef = 4EF5B8931BD91C5F00B2C444 /* BLKFlexibleHeightBarSubviewLayoutAttributes.m */; settings = {ASSET_TAGS = (); }; };
		4EF5B89E1BD91C5F00B2C444 /* FacebookStyleBarBehaviorDefiner.m in Sources */ = {isa = PBXBuildFile; fileRef = 4EF5B8951BD91C5F00B2C444 /* FacebookStyleBarBehaviorDefiner.m */; settings = {ASSET_TAGS = (); }; };
		4EF5B89F1BD91C5F00B2C444 /* SquareCashStyleBehaviorDefiner.m in Sources */ = {isa = PBXBuildFile; fileRef = 4EF5B8971BD91C5F00B2C444 /* SquareCashStyleBehaviorDefiner.m */; settings = {ASSET_TAGS = (); }; };
		4EF5B8A01BD91C5F00B2C444 /* UIView+BLKFlexibleHeightBarSubview.m in Sources */ = {isa = PBXBuildFile; fileRef = 4EF5B8991BD91C5F00B2C444 /* UIView+BLKFlexibleHeightBarSubview.m */; settings = {ASSET_TAGS = (); }; };
		4EF6F2AB1BD72CD1007F8633 /* DBJHomeController.m in Sources */ = {isa = PBXBuildFile; fileRef = 4EF6F2AA1BD72CD1007F8633 /* DBJHomeController.m */; settings = {ASSET_TAGS = (); }; };
		5D4037B3E1A74A76B47B66E0 /* libPods-DouBanJiang.a in Frameworks */ = {isa = PBXBuildFile; fileRef = 935B892DC34A57E6D0B37F76 /* libPods-DouBanJiang.a */; };
		A947DEE91BD5268A00BAAA90 /* Main.storyboard in Resources */ = {isa = PBXBuildFile; fileRef = A947DEE71BD5268A00BAAA90 /* Main.storyboard */; };
		A947DEEB1BD5268A00BAAA90 /* Assets.xcassets in Resources */ = {isa = PBXBuildFile; fileRef = A947DEEA1BD5268A00BAAA90 /* Assets.xcassets */; };
		A947DEEE1BD5268A00BAAA90 /* LaunchScreen.storyboard in Resources */ = {isa = PBXBuildFile; fileRef = A947DEEC1BD5268A00BAAA90 /* LaunchScreen.storyboard */; };
		A947DEF91BD5268B00BAAA90 /* DouBanJiangTests.m in Sources */ = {isa = PBXBuildFile; fileRef = A947DEF81BD5268B00BAAA90 /* DouBanJiangTests.m */; };
		A947DF041BD5268B00BAAA90 /* DouBanJiangUITests.m in Sources */ = {isa = PBXBuildFile; fileRef = A947DF031BD5268B00BAAA90 /* DouBanJiangUITests.m */; };
		A947DF2C1BD52F5F00BAAA90 /* AppDelegate.m in Sources */ = {isa = PBXBuildFile; fileRef = A947DF221BD52F5F00BAAA90 /* AppDelegate.m */; settings = {ASSET_TAGS = (); }; };
		A947DF2D1BD52F5F00BAAA90 /* DBJConst.m in Sources */ = {isa = PBXBuildFile; fileRef = A947DF241BD52F5F00BAAA90 /* DBJConst.m */; settings = {ASSET_TAGS = (); }; };
		A947DF2E1BD52F5F00BAAA90 /* main.m in Sources */ = {isa = PBXBuildFile; fileRef = A947DF251BD52F5F00BAAA90 /* main.m */; settings = {ASSET_TAGS = (); }; };
		A947DF311BD5306400BAAA90 /* DBJWoDeViewController.m in Sources */ = {isa = PBXBuildFile; fileRef = A947DF301BD5306400BAAA90 /* DBJWoDeViewController.m */; settings = {ASSET_TAGS = (); }; };
		A947DF341BD5354200BAAA90 /* DBJTabBarController.m in Sources */ = {isa = PBXBuildFile; fileRef = A947DF331BD5354200BAAA90 /* DBJTabBarController.m */; settings = {ASSET_TAGS = (); }; };
/* End PBXBuildFile section */

/* Begin PBXContainerItemProxy section */
		A947DEF51BD5268B00BAAA90 /* PBXContainerItemProxy */ = {
			isa = PBXContainerItemProxy;
			containerPortal = A947DED31BD5268A00BAAA90 /* Project object */;
			proxyType = 1;
			remoteGlobalIDString = A947DEDA1BD5268A00BAAA90;
			remoteInfo = DouBanJiang;
		};
		A947DF001BD5268B00BAAA90 /* PBXContainerItemProxy */ = {
			isa = PBXContainerItemProxy;
			containerPortal = A947DED31BD5268A00BAAA90 /* Project object */;
			proxyType = 1;
			remoteGlobalIDString = A947DEDA1BD5268A00BAAA90;
			remoteInfo = DouBanJiang;
		};
/* End PBXContainerItemProxy section */

/* Begin PBXFileReference section */
		3059577C71FBCE882C4C319D /* Pods-DouBanJiang.debug.xcconfig */ = {isa = PBXFileReference; includeInIndex = 1; lastKnownFileType = text.xcconfig; name = "Pods-DouBanJiang.debug.xcconfig"; path = "Pods/Target Support Files/Pods-DouBanJiang/Pods-DouBanJiang.debug.xcconfig"; sourceTree = "<group>"; };
		4E0A29261BD878A500CA86BF /* DBJFourthCell.h */ = {isa = PBXFileReference; fileEncoding = 4; lastKnownFileType = sourcecode.c.h; path = DBJFourthCell.h; sourceTree = "<group>"; };
		4E0A29271BD878A500CA86BF /* DBJFourthCell.m */ = {isa = PBXFileReference; fileEncoding = 4; lastKnownFileType = sourcecode.c.objc; path = DBJFourthCell.m; sourceTree = "<group>"; };
		4EB063FB1BD7A942005E8BFA /* DBJFaXianController.h */ = {isa = PBXFileReference; fileEncoding = 4; lastKnownFileType = sourcecode.c.h; path = DBJFaXianController.h; sourceTree = "<group>"; };
		4EB063FC1BD7A942005E8BFA /* DBJFaXianController.m */ = {isa = PBXFileReference; fileEncoding = 4; lastKnownFileType = sourcecode.c.objc; path = DBJFaXianController.m; sourceTree = "<group>"; };
		4EB063FE1BD7B09B005E8BFA /* DBJScrollCell.h */ = {isa = PBXFileReference; fileEncoding = 4; lastKnownFileType = sourcecode.c.h; path = DBJScrollCell.h; sourceTree = "<group>"; };
		4EB063FF1BD7B09B005E8BFA /* DBJScrollCell.m */ = {isa = PBXFileReference; fileEncoding = 4; lastKnownFileType = sourcecode.c.objc; path = DBJScrollCell.m; sourceTree = "<group>"; };
		4EB064031BD7BF55005E8BFA /* DBJSecondCell.h */ = {isa = PBXFileReference; fileEncoding = 4; lastKnownFileType = sourcecode.c.h; path = DBJSecondCell.h; sourceTree = "<group>"; };
		4EB064041BD7BF55005E8BFA /* DBJSecondCell.m */ = {isa = PBXFileReference; fileEncoding = 4; lastKnownFileType = sourcecode.c.objc; path = DBJSecondCell.m; sourceTree = "<group>"; };
		4EB064051BD7BF55005E8BFA /* DBJSecondCell.xib */ = {isa = PBXFileReference; fileEncoding = 4; lastKnownFileType = file.xib; path = DBJSecondCell.xib; sourceTree = "<group>"; };
		4EB064081BD7D0B8005E8BFA /* DBJThirdCell.h */ = {isa = PBXFileReference; fileEncoding = 4; lastKnownFileType = sourcecode.c.h; path = DBJThirdCell.h; sourceTree = "<group>"; };
		4EB064091BD7D0B8005E8BFA /* DBJThirdCell.m */ = {isa = PBXFileReference; fileEncoding = 4; lastKnownFileType = sourcecode.c.objc; path = DBJThirdCell.m; sourceTree = "<group>"; };
		4EB0640A1BD7D0B8005E8BFA /* DBJThirdCell.xib */ = {isa = PBXFileReference; fileEncoding = 4; lastKnownFileType = file.xib; path = DBJThirdCell.xib; sourceTree = "<group>"; };
		4EF5B8851BD91AFF00B2C444 /* DBJHomeBar.h */ = {isa = PBXFileReference; fileEncoding = 4; lastKnownFileType = sourcecode.c.h; name = DBJHomeBar.h; path = DouBanJiang/Class/ViewController/DBJHomeBar.h; sourceTree = SOURCE_ROOT; };
		4EF5B8861BD91AFF00B2C444 /* DBJHomeBar.m */ = {isa = PBXFileReference; fileEncoding = 4; lastKnownFileType = sourcecode.c.objc; name = DBJHomeBar.m; path = DouBanJiang/Class/ViewController/DBJHomeBar.m; sourceTree = SOURCE_ROOT; };
		4EF5B88C1BD91C5F00B2C444 /* BLKDelegateSplitter.h */ = {isa = PBXFileReference; fileEncoding = 4; lastKnownFileType = sourcecode.c.h; path = BLKDelegateSplitter.h; sourceTree = "<group>"; };
		4EF5B88D1BD91C5F00B2C444 /* BLKDelegateSplitter.m */ = {isa = PBXFileReference; fileEncoding = 4; lastKnownFileType = sourcecode.c.objc; path = BLKDelegateSplitter.m; sourceTree = "<group>"; };
		4EF5B88E1BD91C5F00B2C444 /* BLKFlexibleHeightBar.h */ = {isa = PBXFileReference; fileEncoding = 4; lastKnownFileType = sourcecode.c.h; path = BLKFlexibleHeightBar.h; sourceTree = "<group>"; };
		4EF5B88F1BD91C5F00B2C444 /* BLKFlexibleHeightBar.m */ = {isa = PBXFileReference; fileEncoding = 4; lastKnownFileType = sourcecode.c.objc; path = BLKFlexibleHeightBar.m; sourceTree = "<group>"; };
		4EF5B8901BD91C5F00B2C444 /* BLKFlexibleHeightBarBehaviorDefiner.h */ = {isa = PBXFileReference; fileEncoding = 4; lastKnownFileType = sourcecode.c.h; path = BLKFlexibleHeightBarBehaviorDefiner.h; sourceTree = "<group>"; };
		4EF5B8911BD91C5F00B2C444 /* BLKFlexibleHeightBarBehaviorDefiner.m */ = {isa = PBXFileReference; fileEncoding = 4; lastKnownFileType = sourcecode.c.objc; path = BLKFlexibleHeightBarBehaviorDefiner.m; sourceTree = "<group>"; };
		4EF5B8921BD91C5F00B2C444 /* BLKFlexibleHeightBarSubviewLayoutAttributes.h */ = {isa = PBXFileReference; fileEncoding = 4; lastKnownFileType = sourcecode.c.h; path = BLKFlexibleHeightBarSubviewLayoutAttributes.h; sourceTree = "<group>"; };
		4EF5B8931BD91C5F00B2C444 /* BLKFlexibleHeightBarSubviewLayoutAttributes.m */ = {isa = PBXFileReference; fileEncoding = 4; lastKnownFileType = sourcecode.c.objc; path = BLKFlexibleHeightBarSubviewLayoutAttributes.m; sourceTree = "<group>"; };
		4EF5B8941BD91C5F00B2C444 /* FacebookStyleBarBehaviorDefiner.h */ = {isa = PBXFileReference; fileEncoding = 4; lastKnownFileType = sourcecode.c.h; path = FacebookStyleBarBehaviorDefiner.h; sourceTree = "<group>"; };
		4EF5B8951BD91C5F00B2C444 /* FacebookStyleBarBehaviorDefiner.m */ = {isa = PBXFileReference; fileEncoding = 4; lastKnownFileType = sourcecode.c.objc; path = FacebookStyleBarBehaviorDefiner.m; sourceTree = "<group>"; };
		4EF5B8961BD91C5F00B2C444 /* SquareCashStyleBehaviorDefiner.h */ = {isa = PBXFileReference; fileEncoding = 4; lastKnownFileType = sourcecode.c.h; path = SquareCashStyleBehaviorDefiner.h; sourceTree = "<group>"; };
		4EF5B8971BD91C5F00B2C444 /* SquareCashStyleBehaviorDefiner.m */ = {isa = PBXFileReference; fileEncoding = 4; lastKnownFileType = sourcecode.c.objc; path = SquareCashStyleBehaviorDefiner.m; sourceTree = "<group>"; };
		4EF5B8981BD91C5F00B2C444 /* UIView+BLKFlexibleHeightBarSubview.h */ = {isa = PBXFileReference; fileEncoding = 4; lastKnownFileType = sourcecode.c.h; path = "UIView+BLKFlexibleHeightBarSubview.h"; sourceTree = "<group>"; };
		4EF5B8991BD91C5F00B2C444 /* UIView+BLKFlexibleHeightBarSubview.m */ = {isa = PBXFileReference; fileEncoding = 4; lastKnownFileType = sourcecode.c.objc; path = "UIView+BLKFlexibleHeightBarSubview.m"; sourceTree = "<group>"; };
		4EF6F2A91BD72CD1007F8633 /* DBJHomeController.h */ = {isa = PBXFileReference; fileEncoding = 4; lastKnownFileType = sourcecode.c.h; path = DBJHomeController.h; sourceTree = "<group>"; };
		4EF6F2AA1BD72CD1007F8633 /* DBJHomeController.m */ = {isa = PBXFileReference; fileEncoding = 4; lastKnownFileType = sourcecode.c.objc; path = DBJHomeController.m; sourceTree = "<group>"; };
		935B892DC34A57E6D0B37F76 /* libPods-DouBanJiang.a */ = {isa = PBXFileReference; explicitFileType = archive.ar; includeInIndex = 0; path = "libPods-DouBanJiang.a"; sourceTree = BUILT_PRODUCTS_DIR; };
		A947DEDB1BD5268A00BAAA90 /* DouBanJiang.app */ = {isa = PBXFileReference; explicitFileType = wrapper.application; includeInIndex = 0; path = DouBanJiang.app; sourceTree = BUILT_PRODUCTS_DIR; };
		A947DEE81BD5268A00BAAA90 /* Base */ = {isa = PBXFileReference; lastKnownFileType = file.storyboard; name = Base; path = Base.lproj/Main.storyboard; sourceTree = "<group>"; };
		A947DEEA1BD5268A00BAAA90 /* Assets.xcassets */ = {isa = PBXFileReference; lastKnownFileType = folder.assetcatalog; path = Assets.xcassets; sourceTree = "<group>"; };
		A947DEED1BD5268A00BAAA90 /* Base */ = {isa = PBXFileReference; lastKnownFileType = file.storyboard; name = Base; path = Base.lproj/LaunchScreen.storyboard; sourceTree = "<group>"; };
		A947DEEF1BD5268A00BAAA90 /* Info.plist */ = {isa = PBXFileReference; lastKnownFileType = text.plist.xml; path = Info.plist; sourceTree = "<group>"; };
		A947DEF41BD5268B00BAAA90 /* DouBanJiangTests.xctest */ = {isa = PBXFileReference; explicitFileType = wrapper.cfbundle; includeInIndex = 0; path = DouBanJiangTests.xctest; sourceTree = BUILT_PRODUCTS_DIR; };
		A947DEF81BD5268B00BAAA90 /* DouBanJiangTests.m */ = {isa = PBXFileReference; lastKnownFileType = sourcecode.c.objc; path = DouBanJiangTests.m; sourceTree = "<group>"; };
		A947DEFA1BD5268B00BAAA90 /* Info.plist */ = {isa = PBXFileReference; lastKnownFileType = text.plist.xml; path = Info.plist; sourceTree = "<group>"; };
		A947DEFF1BD5268B00BAAA90 /* DouBanJiangUITests.xctest */ = {isa = PBXFileReference; explicitFileType = wrapper.cfbundle; includeInIndex = 0; path = DouBanJiangUITests.xctest; sourceTree = BUILT_PRODUCTS_DIR; };
		A947DF031BD5268B00BAAA90 /* DouBanJiangUITests.m */ = {isa = PBXFileReference; lastKnownFileType = sourcecode.c.objc; path = DouBanJiangUITests.m; sourceTree = "<group>"; };
		A947DF051BD5268B00BAAA90 /* Info.plist */ = {isa = PBXFileReference; lastKnownFileType = text.plist.xml; path = Info.plist; sourceTree = "<group>"; };
		A947DF211BD52F5F00BAAA90 /* AppDelegate.h */ = {isa = PBXFileReference; fileEncoding = 4; lastKnownFileType = sourcecode.c.h; path = AppDelegate.h; sourceTree = "<group>"; };
		A947DF221BD52F5F00BAAA90 /* AppDelegate.m */ = {isa = PBXFileReference; fileEncoding = 4; lastKnownFileType = sourcecode.c.objc; path = AppDelegate.m; sourceTree = "<group>"; };
		A947DF231BD52F5F00BAAA90 /* DBJConst.h */ = {isa = PBXFileReference; fileEncoding = 4; lastKnownFileType = sourcecode.c.h; path = DBJConst.h; sourceTree = "<group>"; };
		A947DF241BD52F5F00BAAA90 /* DBJConst.m */ = {isa = PBXFileReference; fileEncoding = 4; lastKnownFileType = sourcecode.c.objc; path = DBJConst.m; sourceTree = "<group>"; };
		A947DF251BD52F5F00BAAA90 /* main.m */ = {isa = PBXFileReference; fileEncoding = 4; lastKnownFileType = sourcecode.c.objc; path = main.m; sourceTree = "<group>"; };
		A947DF2F1BD5306400BAAA90 /* DBJWoDeViewController.h */ = {isa = PBXFileReference; fileEncoding = 4; lastKnownFileType = sourcecode.c.h; path = DBJWoDeViewController.h; sourceTree = "<group>"; };
		A947DF301BD5306400BAAA90 /* DBJWoDeViewController.m */ = {isa = PBXFileReference; fileEncoding = 4; lastKnownFileType = sourcecode.c.objc; path = DBJWoDeViewController.m; sourceTree = "<group>"; };
		A947DF321BD5354200BAAA90 /* DBJTabBarController.h */ = {isa = PBXFileReference; fileEncoding = 4; lastKnownFileType = sourcecode.c.h; path = DBJTabBarController.h; sourceTree = "<group>"; };
		A947DF331BD5354200BAAA90 /* DBJTabBarController.m */ = {isa = PBXFileReference; fileEncoding = 4; lastKnownFileType = sourcecode.c.objc; path = DBJTabBarController.m; sourceTree = "<group>"; };
		EAF19F949A137507BFB32B34 /* Pods-DouBanJiang.release.xcconfig */ = {isa = PBXFileReference; includeInIndex = 1; lastKnownFileType = text.xcconfig; name = "Pods-DouBanJiang.release.xcconfig"; path = "Pods/Target Support Files/Pods-DouBanJiang/Pods-DouBanJiang.release.xcconfig"; sourceTree = "<group>"; };
/* End PBXFileReference section */

/* Begin PBXFrameworksBuildPhase section */
		A947DED81BD5268A00BAAA90 /* Frameworks */ = {
			isa = PBXFrameworksBuildPhase;
			buildActionMask = 2147483647;
			files = (
				5D4037B3E1A74A76B47B66E0 /* libPods-DouBanJiang.a in Frameworks */,
			);
			runOnlyForDeploymentPostprocessing = 0;
		};
		A947DEF11BD5268B00BAAA90 /* Frameworks */ = {
			isa = PBXFrameworksBuildPhase;
			buildActionMask = 2147483647;
			files = (
			);
			runOnlyForDeploymentPostprocessing = 0;
		};
		A947DEFC1BD5268B00BAAA90 /* Frameworks */ = {
			isa = PBXFrameworksBuildPhase;
			buildActionMask = 2147483647;
			files = (
			);
			runOnlyForDeploymentPostprocessing = 0;
		};
/* End PBXFrameworksBuildPhase section */

/* Begin PBXGroup section */
		2D2293BBE456404F8E298B7B /* Pods */ = {
			isa = PBXGroup;
			children = (
				3059577C71FBCE882C4C319D /* Pods-DouBanJiang.debug.xcconfig */,
				EAF19F949A137507BFB32B34 /* Pods-DouBanJiang.release.xcconfig */,
			);
			name = Pods;
			sourceTree = "<group>";
		};
		4EF5B88A1BD91C5F00B2C444 /* Lib */ = {
			isa = PBXGroup;
			children = (
				4EF5B88B1BD91C5F00B2C444 /* BLKFlexibleHeightBar */,
			);
			path = Lib;
			sourceTree = "<group>";
		};
		4EF5B88B1BD91C5F00B2C444 /* BLKFlexibleHeightBar */ = {
			isa = PBXGroup;
			children = (
				4EF5B88C1BD91C5F00B2C444 /* BLKDelegateSplitter.h */,
				4EF5B88D1BD91C5F00B2C444 /* BLKDelegateSplitter.m */,
				4EF5B88E1BD91C5F00B2C444 /* BLKFlexibleHeightBar.h */,
				4EF5B88F1BD91C5F00B2C444 /* BLKFlexibleHeightBar.m */,
				4EF5B8901BD91C5F00B2C444 /* BLKFlexibleHeightBarBehaviorDefiner.h */,
				4EF5B8911BD91C5F00B2C444 /* BLKFlexibleHeightBarBehaviorDefiner.m */,
				4EF5B8921BD91C5F00B2C444 /* BLKFlexibleHeightBarSubviewLayoutAttributes.h */,
				4EF5B8931BD91C5F00B2C444 /* BLKFlexibleHeightBarSubviewLayoutAttributes.m */,
				4EF5B8941BD91C5F00B2C444 /* FacebookStyleBarBehaviorDefiner.h */,
				4EF5B8951BD91C5F00B2C444 /* FacebookStyleBarBehaviorDefiner.m */,
				4EF5B8961BD91C5F00B2C444 /* SquareCashStyleBehaviorDefiner.h */,
				4EF5B8971BD91C5F00B2C444 /* SquareCashStyleBehaviorDefiner.m */,
				4EF5B8981BD91C5F00B2C444 /* UIView+BLKFlexibleHeightBarSubview.h */,
				4EF5B8991BD91C5F00B2C444 /* UIView+BLKFlexibleHeightBarSubview.m */,
			);
			path = BLKFlexibleHeightBar;
			sourceTree = "<group>";
		};
		A947DED21BD5268A00BAAA90 = {
			isa = PBXGroup;
			children = (
				A947DEDD1BD5268A00BAAA90 /* DouBanJiang */,
				A947DEF71BD5268B00BAAA90 /* DouBanJiangTests */,
				A947DF021BD5268B00BAAA90 /* DouBanJiangUITests */,
				A947DEDC1BD5268A00BAAA90 /* Products */,
				2D2293BBE456404F8E298B7B /* Pods */,
				E9AE594BAAC638EBEC190BF2 /* Frameworks */,
			);
			sourceTree = "<group>";
		};
		A947DEDC1BD5268A00BAAA90 /* Products */ = {
			isa = PBXGroup;
			children = (
				A947DEDB1BD5268A00BAAA90 /* DouBanJiang.app */,
				A947DEF41BD5268B00BAAA90 /* DouBanJiangTests.xctest */,
				A947DEFF1BD5268B00BAAA90 /* DouBanJiangUITests.xctest */,
			);
			name = Products;
			sourceTree = "<group>";
		};
		A947DEDD1BD5268A00BAAA90 /* DouBanJiang */ = {
			isa = PBXGroup;
			children = (
				A947DF1D1BD52F5F00BAAA90 /* Class */,
				A947DEE71BD5268A00BAAA90 /* Main.storyboard */,
				A947DEEA1BD5268A00BAAA90 /* Assets.xcassets */,
				A947DEDE1BD5268A00BAAA90 /* Supporting Files */,
			);
			path = DouBanJiang;
			sourceTree = "<group>";
		};
		A947DEDE1BD5268A00BAAA90 /* Supporting Files */ = {
			isa = PBXGroup;
			children = (
				A947DEEC1BD5268A00BAAA90 /* LaunchScreen.storyboard */,
				A947DEEF1BD5268A00BAAA90 /* Info.plist */,
			);
			name = "Supporting Files";
			sourceTree = "<group>";
		};
		A947DEF71BD5268B00BAAA90 /* DouBanJiangTests */ = {
			isa = PBXGroup;
			children = (
				A947DEF81BD5268B00BAAA90 /* DouBanJiangTests.m */,
				A947DEFA1BD5268B00BAAA90 /* Info.plist */,
			);
			path = DouBanJiangTests;
			sourceTree = "<group>";
		};
		A947DF021BD5268B00BAAA90 /* DouBanJiangUITests */ = {
			isa = PBXGroup;
			children = (
				A947DF031BD5268B00BAAA90 /* DouBanJiangUITests.m */,
				A947DF051BD5268B00BAAA90 /* Info.plist */,
			);
			path = DouBanJiangUITests;
			sourceTree = "<group>";
		};
		A947DF1D1BD52F5F00BAAA90 /* Class */ = {
			isa = PBXGroup;
			children = (
				A947DF291BD52F5F00BAAA90 /* View */,
				A947DF271BD52F5F00BAAA90 /* Model */,
				A947DF2B1BD52F5F00BAAA90 /* ViewModel */,
				A947DF281BD52F5F00BAAA90 /* NetworkManager */,
				A947DF2A1BD52F5F00BAAA90 /* ViewController */,
				A947DF1E1BD52F5F00BAAA90 /* Main */,
			);
			path = Class;
			sourceTree = "<group>";
		};
		A947DF1E1BD52F5F00BAAA90 /* Main */ = {
			isa = PBXGroup;
			children = (
				4EF5B88A1BD91C5F00B2C444 /* Lib */,
				A947DF201BD52F5F00BAAA90 /* Other */,
				A947DF261BD52F5F00BAAA90 /* Resources */,
			);
			path = Main;
			sourceTree = "<group>";
		};
		A947DF201BD52F5F00BAAA90 /* Other */ = {
			isa = PBXGroup;
			children = (
				A947DF211BD52F5F00BAAA90 /* AppDelegate.h */,
				A947DF221BD52F5F00BAAA90 /* AppDelegate.m */,
				A947DF231BD52F5F00BAAA90 /* DBJConst.h */,
				A947DF241BD52F5F00BAAA90 /* DBJConst.m */,
				A947DF251BD52F5F00BAAA90 /* main.m */,
			);
			path = Other;
			sourceTree = "<group>";
		};
		A947DF261BD52F5F00BAAA90 /* Resources */ = {
			isa = PBXGroup;
			children = (
			);
			path = Resources;
			sourceTree = "<group>";
		};
		A947DF271BD52F5F00BAAA90 /* Model */ = {
			isa = PBXGroup;
			children = (
			);
			path = Model;
			sourceTree = "<group>";
		};
		A947DF281BD52F5F00BAAA90 /* NetworkManager */ = {
			isa = PBXGroup;
			children = (
			);
			path = NetworkManager;
			sourceTree = "<group>";
		};
		A947DF291BD52F5F00BAAA90 /* View */ = {
			isa = PBXGroup;
			children = (
				4EF5B8851BD91AFF00B2C444 /* DBJHomeBar.h */,
				4EF5B8861BD91AFF00B2C444 /* DBJHomeBar.m */,
				4EB063FE1BD7B09B005E8BFA /* DBJScrollCell.h */,
				4EB063FF1BD7B09B005E8BFA /* DBJScrollCell.m */,
				4EB064031BD7BF55005E8BFA /* DBJSecondCell.h */,
				4EB064041BD7BF55005E8BFA /* DBJSecondCell.m */,
				4EB064051BD7BF55005E8BFA /* DBJSecondCell.xib */,
				4EB064081BD7D0B8005E8BFA /* DBJThirdCell.h */,
				4EB064091BD7D0B8005E8BFA /* DBJThirdCell.m */,
				4EB0640A1BD7D0B8005E8BFA /* DBJThirdCell.xib */,
				4E0A29261BD878A500CA86BF /* DBJFourthCell.h */,
				4E0A29271BD878A500CA86BF /* DBJFourthCell.m */,
			);
			path = View;
			sourceTree = "<group>";
		};
		A947DF2A1BD52F5F00BAAA90 /* ViewController */ = {
			isa = PBXGroup;
			children = (
				A947DF321BD5354200BAAA90 /* DBJTabBarController.h */,
				A947DF331BD5354200BAAA90 /* DBJTabBarController.m */,
				4EF6F2A91BD72CD1007F8633 /* DBJHomeController.h */,
				4EF6F2AA1BD72CD1007F8633 /* DBJHomeController.m */,
				4EB063FB1BD7A942005E8BFA /* DBJFaXianController.h */,
				4EB063FC1BD7A942005E8BFA /* DBJFaXianController.m */,
				A947DF2F1BD5306400BAAA90 /* DBJWoDeViewController.h */,
				A947DF301BD5306400BAAA90 /* DBJWoDeViewController.m */,
			);
			path = ViewController;
			sourceTree = "<group>";
		};
		A947DF2B1BD52F5F00BAAA90 /* ViewModel */ = {
			isa = PBXGroup;
			children = (
			);
			path = ViewModel;
			sourceTree = "<group>";
		};
		E9AE594BAAC638EBEC190BF2 /* Frameworks */ = {
			isa = PBXGroup;
			children = (
				935B892DC34A57E6D0B37F76 /* libPods-DouBanJiang.a */,
			);
			name = Frameworks;
			sourceTree = "<group>";
		};
/* End PBXGroup section */

/* Begin PBXNativeTarget section */
		A947DEDA1BD5268A00BAAA90 /* DouBanJiang */ = {
			isa = PBXNativeTarget;
			buildConfigurationList = A947DF081BD5268B00BAAA90 /* Build configuration list for PBXNativeTarget "DouBanJiang" */;
			buildPhases = (
				91833996747BE0B747D7F673 /* Check Pods Manifest.lock */,
				A947DED71BD5268A00BAAA90 /* Sources */,
				A947DED81BD5268A00BAAA90 /* Frameworks */,
				A947DED91BD5268A00BAAA90 /* Resources */,
				9E6C9563FAE3AA4CF44C0B5C /* Embed Pods Frameworks */,
				DBD17C082C16CD36B8B48E0D /* Copy Pods Resources */,
			);
			buildRules = (
			);
			dependencies = (
			);
			name = DouBanJiang;
			productName = DouBanJiang;
			productReference = A947DEDB1BD5268A00BAAA90 /* DouBanJiang.app */;
			productType = "com.apple.product-type.application";
		};
		A947DEF31BD5268B00BAAA90 /* DouBanJiangTests */ = {
			isa = PBXNativeTarget;
			buildConfigurationList = A947DF0B1BD5268B00BAAA90 /* Build configuration list for PBXNativeTarget "DouBanJiangTests" */;
			buildPhases = (
				A947DEF01BD5268B00BAAA90 /* Sources */,
				A947DEF11BD5268B00BAAA90 /* Frameworks */,
				A947DEF21BD5268B00BAAA90 /* Resources */,
			);
			buildRules = (
			);
			dependencies = (
				A947DEF61BD5268B00BAAA90 /* PBXTargetDependency */,
			);
			name = DouBanJiangTests;
			productName = DouBanJiangTests;
			productReference = A947DEF41BD5268B00BAAA90 /* DouBanJiangTests.xctest */;
			productType = "com.apple.product-type.bundle.unit-test";
		};
		A947DEFE1BD5268B00BAAA90 /* DouBanJiangUITests */ = {
			isa = PBXNativeTarget;
			buildConfigurationList = A947DF0E1BD5268B00BAAA90 /* Build configuration list for PBXNativeTarget "DouBanJiangUITests" */;
			buildPhases = (
				A947DEFB1BD5268B00BAAA90 /* Sources */,
				A947DEFC1BD5268B00BAAA90 /* Frameworks */,
				A947DEFD1BD5268B00BAAA90 /* Resources */,
			);
			buildRules = (
			);
			dependencies = (
				A947DF011BD5268B00BAAA90 /* PBXTargetDependency */,
			);
			name = DouBanJiangUITests;
			productName = DouBanJiangUITests;
			productReference = A947DEFF1BD5268B00BAAA90 /* DouBanJiangUITests.xctest */;
			productType = "com.apple.product-type.bundle.ui-testing";
		};
/* End PBXNativeTarget section */

/* Begin PBXProject section */
		A947DED31BD5268A00BAAA90 /* Project object */ = {
			isa = PBXProject;
			attributes = {
				CLASSPREFIX = DBJ;
				LastUpgradeCheck = 0700;
				ORGANIZATIONNAME = "金顺度";
				TargetAttributes = {
					A947DEDA1BD5268A00BAAA90 = {
						CreatedOnToolsVersion = 7.0.1;
						DevelopmentTeam = 5A2ZA36CEF;
					};
					A947DEF31BD5268B00BAAA90 = {
						CreatedOnToolsVersion = 7.0.1;
						DevelopmentTeam = 5A2ZA36CEF;
						TestTargetID = A947DEDA1BD5268A00BAAA90;
					};
					A947DEFE1BD5268B00BAAA90 = {
						CreatedOnToolsVersion = 7.0.1;
						DevelopmentTeam = 5A2ZA36CEF;
						TestTargetID = A947DEDA1BD5268A00BAAA90;
					};
				};
			};
			buildConfigurationList = A947DED61BD5268A00BAAA90 /* Build configuration list for PBXProject "DouBanJiang" */;
			compatibilityVersion = "Xcode 3.2";
			developmentRegion = English;
			hasScannedForEncodings = 0;
			knownRegions = (
				en,
				Base,
			);
			mainGroup = A947DED21BD5268A00BAAA90;
			productRefGroup = A947DEDC1BD5268A00BAAA90 /* Products */;
			projectDirPath = "";
			projectRoot = "";
			targets = (
				A947DEDA1BD5268A00BAAA90 /* DouBanJiang */,
				A947DEF31BD5268B00BAAA90 /* DouBanJiangTests */,
				A947DEFE1BD5268B00BAAA90 /* DouBanJiangUITests */,
			);
		};
/* End PBXProject section */

/* Begin PBXResourcesBuildPhase section */
		A947DED91BD5268A00BAAA90 /* Resources */ = {
			isa = PBXResourcesBuildPhase;
			buildActionMask = 2147483647;
			files = (
				4EB0640C1BD7D0B8005E8BFA /* DBJThirdCell.xib in Resources */,
				A947DEEE1BD5268A00BAAA90 /* LaunchScreen.storyboard in Resources */,
				A947DEEB1BD5268A00BAAA90 /* Assets.xcassets in Resources */,
				4EB064071BD7BF55005E8BFA /* DBJSecondCell.xib in Resources */,
				A947DEE91BD5268A00BAAA90 /* Main.storyboard in Resources */,
			);
			runOnlyForDeploymentPostprocessing = 0;
		};
		A947DEF21BD5268B00BAAA90 /* Resources */ = {
			isa = PBXResourcesBuildPhase;
			buildActionMask = 2147483647;
			files = (
			);
			runOnlyForDeploymentPostprocessing = 0;
		};
		A947DEFD1BD5268B00BAAA90 /* Resources */ = {
			isa = PBXResourcesBuildPhase;
			buildActionMask = 2147483647;
			files = (
			);
			runOnlyForDeploymentPostprocessing = 0;
		};
/* End PBXResourcesBuildPhase section */

/* Begin PBXShellScriptBuildPhase section */
		91833996747BE0B747D7F673 /* Check Pods Manifest.lock */ = {
			isa = PBXShellScriptBuildPhase;
			buildActionMask = 2147483647;
			files = (
			);
			inputPaths = (
			);
			name = "Check Pods Manifest.lock";
			outputPaths = (
			);
			runOnlyForDeploymentPostprocessing = 0;
			shellPath = /bin/sh;
			shellScript = "diff \"${PODS_ROOT}/../Podfile.lock\" \"${PODS_ROOT}/Manifest.lock\" > /dev/null\nif [[ $? != 0 ]] ; then\n    cat << EOM\nerror: The sandbox is not in sync with the Podfile.lock. Run 'pod install' or update your CocoaPods installation.\nEOM\n    exit 1\nfi\n";
			showEnvVarsInLog = 0;
		};
		9E6C9563FAE3AA4CF44C0B5C /* Embed Pods Frameworks */ = {
			isa = PBXShellScriptBuildPhase;
			buildActionMask = 2147483647;
			files = (
			);
			inputPaths = (
			);
			name = "Embed Pods Frameworks";
			outputPaths = (
			);
			runOnlyForDeploymentPostprocessing = 0;
			shellPath = /bin/sh;
			shellScript = "\"${SRCROOT}/Pods/Target Support Files/Pods-DouBanJiang/Pods-DouBanJiang-frameworks.sh\"\n";
			showEnvVarsInLog = 0;
		};
		DBD17C082C16CD36B8B48E0D /* Copy Pods Resources */ = {
			isa = PBXShellScriptBuildPhase;
			buildActionMask = 2147483647;
			files = (
			);
			inputPaths = (
			);
			name = "Copy Pods Resources";
			outputPaths = (
			);
			runOnlyForDeploymentPostprocessing = 0;
			shellPath = /bin/sh;
			shellScript = "\"${SRCROOT}/Pods/Target Support Files/Pods-DouBanJiang/Pods-DouBanJiang-resources.sh\"\n";
			showEnvVarsInLog = 0;
		};
/* End PBXShellScriptBuildPhase section */

/* Begin PBXSourcesBuildPhase section */
		A947DED71BD5268A00BAAA90 /* Sources */ = {
			isa = PBXSourcesBuildPhase;
			buildActionMask = 2147483647;
			files = (
				A947DF311BD5306400BAAA90 /* DBJWoDeViewController.m in Sources */,
				4EF5B89B1BD91C5F00B2C444 /* BLKFlexibleHeightBar.m in Sources */,
				A947DF2D1BD52F5F00BAAA90 /* DBJConst.m in Sources */,
				4EF5B8A01BD91C5F00B2C444 /* UIView+BLKFlexibleHeightBarSubview.m in Sources */,
				4EF5B89E1BD91C5F00B2C444 /* FacebookStyleBarBehaviorDefiner.m in Sources */,
				4EB0640B1BD7D0B8005E8BFA /* DBJThirdCell.m in Sources */,
				4EF5B89D1BD91C5F00B2C444 /* BLKFlexibleHeightBarSubviewLayoutAttributes.m in Sources */,
				4EF6F2AB1BD72CD1007F8633 /* DBJHomeController.m in Sources */,
				4EB064061BD7BF55005E8BFA /* DBJSecondCell.m in Sources */,
				4EF5B8871BD91AFF00B2C444 /* DBJHomeBar.m in Sources */,
				4EB064001BD7B09B005E8BFA /* DBJScrollCell.m in Sources */,
				4EF5B89F1BD91C5F00B2C444 /* SquareCashStyleBehaviorDefiner.m in Sources */,
				A947DF341BD5354200BAAA90 /* DBJTabBarController.m in Sources */,
				A947DF2E1BD52F5F00BAAA90 /* main.m in Sources */,
				4EF5B89C1BD91C5F00B2C444 /* BLKFlexibleHeightBarBehaviorDefiner.m in Sources */,
				4EB063FD1BD7A942005E8BFA /* DBJFaXianController.m in Sources */,
				4EF5B89A1BD91C5F00B2C444 /* BLKDelegateSplitter.m in Sources */,
				4E0A29281BD878A500CA86BF /* DBJFourthCell.m in Sources */,
				A947DF2C1BD52F5F00BAAA90 /* AppDelegate.m in Sources */,
			);
			runOnlyForDeploymentPostprocessing = 0;
		};
		A947DEF01BD5268B00BAAA90 /* Sources */ = {
			isa = PBXSourcesBuildPhase;
			buildActionMask = 2147483647;
			files = (
				A947DEF91BD5268B00BAAA90 /* DouBanJiangTests.m in Sources */,
			);
			runOnlyForDeploymentPostprocessing = 0;
		};
		A947DEFB1BD5268B00BAAA90 /* Sources */ = {
			isa = PBXSourcesBuildPhase;
			buildActionMask = 2147483647;
			files = (
				A947DF041BD5268B00BAAA90 /* DouBanJiangUITests.m in Sources */,
			);
			runOnlyForDeploymentPostprocessing = 0;
		};
/* End PBXSourcesBuildPhase section */

/* Begin PBXTargetDependency section */
		A947DEF61BD5268B00BAAA90 /* PBXTargetDependency */ = {
			isa = PBXTargetDependency;
			target = A947DEDA1BD5268A00BAAA90 /* DouBanJiang */;
			targetProxy = A947DEF51BD5268B00BAAA90 /* PBXContainerItemProxy */;
		};
		A947DF011BD5268B00BAAA90 /* PBXTargetDependency */ = {
			isa = PBXTargetDependency;
			target = A947DEDA1BD5268A00BAAA90 /* DouBanJiang */;
			targetProxy = A947DF001BD5268B00BAAA90 /* PBXContainerItemProxy */;
		};
/* End PBXTargetDependency section */

/* Begin PBXVariantGroup section */
		A947DEE71BD5268A00BAAA90 /* Main.storyboard */ = {
			isa = PBXVariantGroup;
			children = (
				A947DEE81BD5268A00BAAA90 /* Base */,
			);
			name = Main.storyboard;
			sourceTree = "<group>";
		};
		A947DEEC1BD5268A00BAAA90 /* LaunchScreen.storyboard */ = {
			isa = PBXVariantGroup;
			children = (
				A947DEED1BD5268A00BAAA90 /* Base */,
			);
			name = LaunchScreen.storyboard;
			sourceTree = "<group>";
		};
/* End PBXVariantGroup section */

/* Begin XCBuildConfiguration section */
		A947DF061BD5268B00BAAA90 /* Debug */ = {
			isa = XCBuildConfiguration;
			buildSettings = {
				ALWAYS_SEARCH_USER_PATHS = NO;
				CLANG_CXX_LANGUAGE_STANDARD = "gnu++0x";
				CLANG_CXX_LIBRARY = "libc++";
				CLANG_ENABLE_MODULES = YES;
				CLANG_ENABLE_OBJC_ARC = YES;
				CLANG_WARN_BOOL_CONVERSION = YES;
				CLANG_WARN_CONSTANT_CONVERSION = YES;
				CLANG_WARN_DIRECT_OBJC_ISA_USAGE = YES_ERROR;
				CLANG_WARN_EMPTY_BODY = YES;
				CLANG_WARN_ENUM_CONVERSION = YES;
				CLANG_WARN_INT_CONVERSION = YES;
				CLANG_WARN_OBJC_ROOT_CLASS = YES_ERROR;
				CLANG_WARN_UNREACHABLE_CODE = YES;
				CLANG_WARN__DUPLICATE_METHOD_MATCH = YES;
				"CODE_SIGN_IDENTITY[sdk=iphoneos*]" = "iPhone Developer";
				COPY_PHASE_STRIP = NO;
				DEBUG_INFORMATION_FORMAT = dwarf;
				ENABLE_STRICT_OBJC_MSGSEND = YES;
				ENABLE_TESTABILITY = YES;
				GCC_C_LANGUAGE_STANDARD = gnu99;
				GCC_DYNAMIC_NO_PIC = NO;
				GCC_NO_COMMON_BLOCKS = YES;
				GCC_OPTIMIZATION_LEVEL = 0;
				GCC_PREPROCESSOR_DEFINITIONS = (
					"DEBUG=1",
					"$(inherited)",
				);
				GCC_WARN_64_TO_32_BIT_CONVERSION = YES;
				GCC_WARN_ABOUT_RETURN_TYPE = YES_ERROR;
				GCC_WARN_UNDECLARED_SELECTOR = YES;
				GCC_WARN_UNINITIALIZED_AUTOS = YES_AGGRESSIVE;
				GCC_WARN_UNUSED_FUNCTION = YES;
				GCC_WARN_UNUSED_VARIABLE = YES;
				IPHONEOS_DEPLOYMENT_TARGET = 9.0;
				MTL_ENABLE_DEBUG_INFO = YES;
				ONLY_ACTIVE_ARCH = YES;
				SDKROOT = iphoneos;
			};
			name = Debug;
		};
		A947DF071BD5268B00BAAA90 /* Release */ = {
			isa = XCBuildConfiguration;
			buildSettings = {
				ALWAYS_SEARCH_USER_PATHS = NO;
				CLANG_CXX_LANGUAGE_STANDARD = "gnu++0x";
				CLANG_CXX_LIBRARY = "libc++";
				CLANG_ENABLE_MODULES = YES;
				CLANG_ENABLE_OBJC_ARC = YES;
				CLANG_WARN_BOOL_CONVERSION = YES;
				CLANG_WARN_CONSTANT_CONVERSION = YES;
				CLANG_WARN_DIRECT_OBJC_ISA_USAGE = YES_ERROR;
				CLANG_WARN_EMPTY_BODY = YES;
				CLANG_WARN_ENUM_CONVERSION = YES;
				CLANG_WARN_INT_CONVERSION = YES;
				CLANG_WARN_OBJC_ROOT_CLASS = YES_ERROR;
				CLANG_WARN_UNREACHABLE_CODE = YES;
				CLANG_WARN__DUPLICATE_METHOD_MATCH = YES;
				"CODE_SIGN_IDENTITY[sdk=iphoneos*]" = "iPhone Developer";
				COPY_PHASE_STRIP = NO;
				DEBUG_INFORMATION_FORMAT = "dwarf-with-dsym";
				ENABLE_NS_ASSERTIONS = NO;
				ENABLE_STRICT_OBJC_MSGSEND = YES;
				GCC_C_LANGUAGE_STANDARD = gnu99;
				GCC_NO_COMMON_BLOCKS = YES;
				GCC_WARN_64_TO_32_BIT_CONVERSION = YES;
				GCC_WARN_ABOUT_RETURN_TYPE = YES_ERROR;
				GCC_WARN_UNDECLARED_SELECTOR = YES;
				GCC_WARN_UNINITIALIZED_AUTOS = YES_AGGRESSIVE;
				GCC_WARN_UNUSED_FUNCTION = YES;
				GCC_WARN_UNUSED_VARIABLE = YES;
				IPHONEOS_DEPLOYMENT_TARGET = 9.0;
				MTL_ENABLE_DEBUG_INFO = NO;
				SDKROOT = iphoneos;
				VALIDATE_PRODUCT = YES;
			};
			name = Release;
		};
		A947DF091BD5268B00BAAA90 /* Debug */ = {
			isa = XCBuildConfiguration;
			baseConfigurationReference = 3059577C71FBCE882C4C319D /* Pods-DouBanJiang.debug.xcconfig */;
			buildSettings = {
				ASSETCATALOG_COMPILER_APPICON_NAME = AppIcon;
				CODE_SIGN_IDENTITY = "iPhone Developer";
				INFOPLIST_FILE = DouBanJiang/Info.plist;
				LD_RUNPATH_SEARCH_PATHS = "$(inherited) @executable_path/Frameworks";
				PRODUCT_BUNDLE_IDENTIFIER = Mine.DouBanJiang;
				PRODUCT_NAME = "$(TARGET_NAME)";
			};
			name = Debug;
		};
		A947DF0A1BD5268B00BAAA90 /* Release */ = {
			isa = XCBuildConfiguration;
			baseConfigurationReference = EAF19F949A137507BFB32B34 /* Pods-DouBanJiang.release.xcconfig */;
			buildSettings = {
				ASSETCATALOG_COMPILER_APPICON_NAME = AppIcon;
				CODE_SIGN_IDENTITY = "iPhone Developer";
				INFOPLIST_FILE = DouBanJiang/Info.plist;
				LD_RUNPATH_SEARCH_PATHS = "$(inherited) @executable_path/Frameworks";
				PRODUCT_BUNDLE_IDENTIFIER = Mine.DouBanJiang;
				PRODUCT_NAME = "$(TARGET_NAME)";
			};
			name = Release;
		};
		A947DF0C1BD5268B00BAAA90 /* Debug */ = {
			isa = XCBuildConfiguration;
			buildSettings = {
				BUNDLE_LOADER = "$(TEST_HOST)";
				INFOPLIST_FILE = DouBanJiangTests/Info.plist;
				LD_RUNPATH_SEARCH_PATHS = "$(inherited) @executable_path/Frameworks @loader_path/Frameworks";
				PRODUCT_BUNDLE_IDENTIFIER = Mine.DouBanJiangTests;
				PRODUCT_NAME = "$(TARGET_NAME)";
				TEST_HOST = "$(BUILT_PRODUCTS_DIR)/DouBanJiang.app/DouBanJiang";
			};
			name = Debug;
		};
		A947DF0D1BD5268B00BAAA90 /* Release */ = {
			isa = XCBuildConfiguration;
			buildSettings = {
				BUNDLE_LOADER = "$(TEST_HOST)";
				INFOPLIST_FILE = DouBanJiangTests/Info.plist;
				LD_RUNPATH_SEARCH_PATHS = "$(inherited) @executable_path/Frameworks @loader_path/Frameworks";
				PRODUCT_BUNDLE_IDENTIFIER = Mine.DouBanJiangTests;
				PRODUCT_NAME = "$(TARGET_NAME)";
				TEST_HOST = "$(BUILT_PRODUCTS_DIR)/DouBanJiang.app/DouBanJiang";
			};
			name = Release;
		};
		A947DF0F1BD5268B00BAAA90 /* Debug */ = {
			isa = XCBuildConfiguration;
			buildSettings = {
				INFOPLIST_FILE = DouBanJiangUITests/Info.plist;
				LD_RUNPATH_SEARCH_PATHS = "$(inherited) @executable_path/Frameworks @loader_path/Frameworks";
				PRODUCT_BUNDLE_IDENTIFIER = Mine.DouBanJiangUITests;
				PRODUCT_NAME = "$(TARGET_NAME)";
				TEST_TARGET_NAME = DouBanJiang;
				USES_XCTRUNNER = YES;
			};
			name = Debug;
		};
		A947DF101BD5268B00BAAA90 /* Release */ = {
			isa = XCBuildConfiguration;
			buildSettings = {
				INFOPLIST_FILE = DouBanJiangUITests/Info.plist;
				LD_RUNPATH_SEARCH_PATHS = "$(inherited) @executable_path/Frameworks @loader_path/Frameworks";
				PRODUCT_BUNDLE_IDENTIFIER = Mine.DouBanJiangUITests;
				PRODUCT_NAME = "$(TARGET_NAME)";
				TEST_TARGET_NAME = DouBanJiang;
				USES_XCTRUNNER = YES;
			};
			name = Release;
		};
/* End XCBuildConfiguration section */

/* Begin XCConfigurationList section */
		A947DED61BD5268A00BAAA90 /* Build configuration list for PBXProject "DouBanJiang" */ = {
			isa = XCConfigurationList;
			buildConfigurations = (
				A947DF061BD5268B00BAAA90 /* Debug */,
				A947DF071BD5268B00BAAA90 /* Release */,
			);
			defaultConfigurationIsVisible = 0;
			defaultConfigurationName = Release;
		};
		A947DF081BD5268B00BAAA90 /* Build configuration list for PBXNativeTarget "DouBanJiang" */ = {
			isa = XCConfigurationList;
			buildConfigurations = (
				A947DF091BD5268B00BAAA90 /* Debug */,
				A947DF0A1BD5268B00BAAA90 /* Release */,
			);
			defaultConfigurationIsVisible = 0;
			defaultConfigurationName = Release;
		};
		A947DF0B1BD5268B00BAAA90 /* Build configuration list for PBXNativeTarget "DouBanJiangTests" */ = {
			isa = XCConfigurationList;
			buildConfigurations = (
				A947DF0C1BD5268B00BAAA90 /* Debug */,
				A947DF0D1BD5268B00BAAA90 /* Release */,
			);
			defaultConfigurationIsVisible = 0;
			defaultConfigurationName = Release;
		};
		A947DF0E1BD5268B00BAAA90 /* Build configuration list for PBXNativeTarget "DouBanJiangUITests" */ = {
			isa = XCConfigurationList;
			buildConfigurations = (
				A947DF0F1BD5268B00BAAA90 /* Debug */,
				A947DF101BD5268B00BAAA90 /* Release */,
			);
			defaultConfigurationIsVisible = 0;
			defaultConfigurationName = Release;
		};
/* End XCConfigurationList section */
	};
	rootObject = A947DED31BD5268A00BAAA90 /* Project object */;
}
